// !$*UTF8*$!
{
	archiveVersion = 1;
	classes = {
	};
	objectVersion = 55;
	objects = {

/* Begin PBXBuildFile section */
		41CEF62627EE733B003F3B95 /* DataManager.swift in Sources */ = {isa = PBXBuildFile; fileRef = 41CEF62527EE733B003F3B95 /* DataManager.swift */; };
		41CEF62927EE7555003F3B95 /* Restaurant.swift in Sources */ = {isa = PBXBuildFile; fileRef = 41CEF62827EE7555003F3B95 /* Restaurant.swift */; };
		CF9AD7DA27EE430700145E3A /* ContactsViewController.swift in Sources */ = {isa = PBXBuildFile; fileRef = CF9AD7D927EE430700145E3A /* ContactsViewController.swift */; };
		CF9AD7DC27EE431200145E3A /* TeamViewController.swift in Sources */ = {isa = PBXBuildFile; fileRef = CF9AD7DB27EE431200145E3A /* TeamViewController.swift */; };
		CF9AD7DE27EE432200145E3A /* MenuTableViewController.swift in Sources */ = {isa = PBXBuildFile; fileRef = CF9AD7DD27EE432200145E3A /* MenuTableViewController.swift */; };
		CF9AD7E027EE434400145E3A /* TabBarController.swift in Sources */ = {isa = PBXBuildFile; fileRef = CF9AD7DF27EE434400145E3A /* TabBarController.swift */; };
		D14990A527EE5A2200DC0A0D /* Food.swift in Sources */ = {isa = PBXBuildFile; fileRef = D14990A427EE5A2200DC0A0D /* Food.swift */; };
		D14990A927EE606500DC0A0D /* FoodBase.swift in Sources */ = {isa = PBXBuildFile; fileRef = D14990A827EE606500DC0A0D /* FoodBase.swift */; };
		F71586B827EE3273007C9639 /* AppDelegate.swift in Sources */ = {isa = PBXBuildFile; fileRef = F71586B727EE3273007C9639 /* AppDelegate.swift */; };
		F71586BA27EE3273007C9639 /* SceneDelegate.swift in Sources */ = {isa = PBXBuildFile; fileRef = F71586B927EE3273007C9639 /* SceneDelegate.swift */; };
		F71586BC27EE3273007C9639 /* DetailViewController.swift in Sources */ = {isa = PBXBuildFile; fileRef = F71586BB27EE3273007C9639 /* DetailViewController.swift */; };
		F71586BF27EE3273007C9639 /* Main.storyboard in Resources */ = {isa = PBXBuildFile; fileRef = F71586BD27EE3273007C9639 /* Main.storyboard */; };
		F71586C127EE3275007C9639 /* Assets.xcassets in Resources */ = {isa = PBXBuildFile; fileRef = F71586C027EE3275007C9639 /* Assets.xcassets */; };
		F71586C427EE3275007C9639 /* LaunchScreen.storyboard in Resources */ = {isa = PBXBuildFile; fileRef = F71586C227EE3275007C9639 /* LaunchScreen.storyboard */; };
/* End PBXBuildFile section */

/* Begin PBXFileReference section */
		41CEF62527EE733B003F3B95 /* DataManager.swift */ = {isa = PBXFileReference; lastKnownFileType = sourcecode.swift; path = DataManager.swift; sourceTree = "<group>"; };
		41CEF62827EE7555003F3B95 /* Restaurant.swift */ = {isa = PBXFileReference; lastKnownFileType = sourcecode.swift; path = Restaurant.swift; sourceTree = "<group>"; };
		CF9AD7D927EE430700145E3A /* ContactsViewController.swift */ = {isa = PBXFileReference; lastKnownFileType = sourcecode.swift; path = ContactsViewController.swift; sourceTree = "<group>"; };
		CF9AD7DB27EE431200145E3A /* TeamViewController.swift */ = {isa = PBXFileReference; lastKnownFileType = sourcecode.swift; path = TeamViewController.swift; sourceTree = "<group>"; };
		CF9AD7DD27EE432200145E3A /* MenuTableViewController.swift */ = {isa = PBXFileReference; lastKnownFileType = sourcecode.swift; path = MenuTableViewController.swift; sourceTree = "<group>"; };
		CF9AD7DF27EE434400145E3A /* TabBarController.swift */ = {isa = PBXFileReference; lastKnownFileType = sourcecode.swift; path = TabBarController.swift; sourceTree = "<group>"; };
		D14990A427EE5A2200DC0A0D /* Food.swift */ = {isa = PBXFileReference; lastKnownFileType = sourcecode.swift; path = Food.swift; sourceTree = "<group>"; };
		D14990A827EE606500DC0A0D /* FoodBase.swift */ = {isa = PBXFileReference; lastKnownFileType = sourcecode.swift; path = FoodBase.swift; sourceTree = "<group>"; };
		F71586B427EE3273007C9639 /* MenuApp.app */ = {isa = PBXFileReference; explicitFileType = wrapper.application; includeInIndex = 0; path = MenuApp.app; sourceTree = BUILT_PRODUCTS_DIR; };
		F71586B727EE3273007C9639 /* AppDelegate.swift */ = {isa = PBXFileReference; lastKnownFileType = sourcecode.swift; path = AppDelegate.swift; sourceTree = "<group>"; };
		F71586B927EE3273007C9639 /* SceneDelegate.swift */ = {isa = PBXFileReference; lastKnownFileType = sourcecode.swift; path = SceneDelegate.swift; sourceTree = "<group>"; };
		F71586BB27EE3273007C9639 /* DetailViewController.swift */ = {isa = PBXFileReference; lastKnownFileType = sourcecode.swift; path = DetailViewController.swift; sourceTree = "<group>"; };
		F71586BE27EE3273007C9639 /* Base */ = {isa = PBXFileReference; lastKnownFileType = file.storyboard; name = Base; path = Base.lproj/Main.storyboard; sourceTree = "<group>"; };
		F71586C027EE3275007C9639 /* Assets.xcassets */ = {isa = PBXFileReference; lastKnownFileType = folder.assetcatalog; path = Assets.xcassets; sourceTree = "<group>"; };
		F71586C327EE3275007C9639 /* Base */ = {isa = PBXFileReference; lastKnownFileType = file.storyboard; name = Base; path = Base.lproj/LaunchScreen.storyboard; sourceTree = "<group>"; };
		F71586C527EE3275007C9639 /* Info.plist */ = {isa = PBXFileReference; lastKnownFileType = text.plist.xml; path = Info.plist; sourceTree = "<group>"; };
/* End PBXFileReference section */

/* Begin PBXFrameworksBuildPhase section */
		F71586B127EE3273007C9639 /* Frameworks */ = {
			isa = PBXFrameworksBuildPhase;
			buildActionMask = 2147483647;
			files = (
			);
			runOnlyForDeploymentPostprocessing = 0;
		};
/* End PBXFrameworksBuildPhase section */

/* Begin PBXGroup section */
		41CEF62727EE7500003F3B95 /* Services */ = {
			isa = PBXGroup;
			children = (
				41CEF62527EE733B003F3B95 /* DataManager.swift */,
			);
			path = Services;
			sourceTree = "<group>";
		};
		D14990A627EE5A2B00DC0A0D /* Model */ = {
			isa = PBXGroup;
			children = (
				D14990A427EE5A2200DC0A0D /* Food.swift */,
				41CEF62827EE7555003F3B95 /* Restaurant.swift */,
			);
			path = Model;
			sourceTree = "<group>";
		};
		D14990A727EE604200DC0A0D /* Services */ = {
			isa = PBXGroup;
			children = (
				D14990A827EE606500DC0A0D /* FoodBase.swift */,
			);
			path = Services;
			sourceTree = "<group>";
		};
		F71586AB27EE3273007C9639 = {
			isa = PBXGroup;
			children = (
				F71586B627EE3273007C9639 /* MenuApp */,
				F71586B527EE3273007C9639 /* Products */,
			);
			sourceTree = "<group>";
		};
		F71586B527EE3273007C9639 /* Products */ = {
			isa = PBXGroup;
			children = (
				F71586B427EE3273007C9639 /* MenuApp.app */,
			);
			name = Products;
			sourceTree = "<group>";
		};
		F71586B627EE3273007C9639 /* MenuApp */ = {
			isa = PBXGroup;
			children = (
				D14990A727EE604200DC0A0D /* Services */,
				D14990A627EE5A2B00DC0A0D /* Model */,
				F71586CE27EE37DE007C9639 /* App */,
				F71586CB27EE36F7007C9639 /* ViewControllers */,
				F71586CC27EE3706007C9639 /* Storyboards */,
				F71586CD27EE37C9007C9639 /* Resourses */,
			);
			path = MenuApp;
			sourceTree = "<group>";
		};
		F71586CB27EE36F7007C9639 /* ViewControllers */ = {
			isa = PBXGroup;
			children = (
				F71586BB27EE3273007C9639 /* DetailViewController.swift */,
				CF9AD7D927EE430700145E3A /* ContactsViewController.swift */,
				CF9AD7DB27EE431200145E3A /* TeamViewController.swift */,
				CF9AD7DD27EE432200145E3A /* MenuTableViewController.swift */,
				CF9AD7DF27EE434400145E3A /* TabBarController.swift */,
			);
			path = ViewControllers;
			sourceTree = "<group>";
		};
		F71586CC27EE3706007C9639 /* Storyboards */ = {
			isa = PBXGroup;
			children = (
				F71586C227EE3275007C9639 /* LaunchScreen.storyboard */,
				F71586BD27EE3273007C9639 /* Main.storyboard */,
			);
			path = Storyboards;
			sourceTree = "<group>";
		};
		F71586CD27EE37C9007C9639 /* Resourses */ = {
			isa = PBXGroup;
			children = (
				F71586C027EE3275007C9639 /* Assets.xcassets */,
			);
			path = Resourses;
			sourceTree = "<group>";
		};
		F71586CE27EE37DE007C9639 /* App */ = {
			isa = PBXGroup;
			children = (
				F71586B927EE3273007C9639 /* SceneDelegate.swift */,
				F71586C527EE3275007C9639 /* Info.plist */,
				F71586B727EE3273007C9639 /* AppDelegate.swift */,
			);
			path = App;
			sourceTree = "<group>";
		};
/* End PBXGroup section */

/* Begin PBXNativeTarget section */
		F71586B327EE3273007C9639 /* MenuApp */ = {
			isa = PBXNativeTarget;
			buildConfigurationList = F71586C827EE3275007C9639 /* Build configuration list for PBXNativeTarget "MenuApp" */;
			buildPhases = (
				F71586B027EE3273007C9639 /* Sources */,
				F71586B127EE3273007C9639 /* Frameworks */,
				F71586B227EE3273007C9639 /* Resources */,
			);
			buildRules = (
			);
			dependencies = (
			);
			name = MenuApp;
			productName = MenuApp;
			productReference = F71586B427EE3273007C9639 /* MenuApp.app */;
			productType = "com.apple.product-type.application";
		};
/* End PBXNativeTarget section */

/* Begin PBXProject section */
		F71586AC27EE3273007C9639 /* Project object */ = {
			isa = PBXProject;
			attributes = {
				BuildIndependentTargetsInParallel = 1;
				LastSwiftUpdateCheck = 1330;
				LastUpgradeCheck = 1330;
				TargetAttributes = {
					F71586B327EE3273007C9639 = {
						CreatedOnToolsVersion = 13.3;
					};
				};
			};
			buildConfigurationList = F71586AF27EE3273007C9639 /* Build configuration list for PBXProject "MenuApp" */;
			compatibilityVersion = "Xcode 13.0";
			developmentRegion = en;
			hasScannedForEncodings = 0;
			knownRegions = (
				en,
				Base,
			);
			mainGroup = F71586AB27EE3273007C9639;
			productRefGroup = F71586B527EE3273007C9639 /* Products */;
			projectDirPath = "";
			projectRoot = "";
			targets = (
				F71586B327EE3273007C9639 /* MenuApp */,
			);
		};
/* End PBXProject section */

/* Begin PBXResourcesBuildPhase section */
		F71586B227EE3273007C9639 /* Resources */ = {
			isa = PBXResourcesBuildPhase;
			buildActionMask = 2147483647;
			files = (
				F71586C427EE3275007C9639 /* LaunchScreen.storyboard in Resources */,
				F71586C127EE3275007C9639 /* Assets.xcassets in Resources */,
				F71586BF27EE3273007C9639 /* Main.storyboard in Resources */,
			);
			runOnlyForDeploymentPostprocessing = 0;
		};
/* End PBXResourcesBuildPhase section */

/* Begin PBXSourcesBuildPhase section */
		F71586B027EE3273007C9639 /* Sources */ = {
			isa = PBXSourcesBuildPhase;
			buildActionMask = 2147483647;
			files = (
				41CEF62927EE7555003F3B95 /* Restaurant.swift in Sources */,
				F71586BC27EE3273007C9639 /* DetailViewController.swift in Sources */,
				CF9AD7DA27EE430700145E3A /* ContactsViewController.swift in Sources */,
				CF9AD7DE27EE432200145E3A /* MenuTableViewController.swift in Sources */,
				F71586B827EE3273007C9639 /* AppDelegate.swift in Sources */,
				CF9AD7E027EE434400145E3A /* TabBarController.swift in Sources */,
				D14990A527EE5A2200DC0A0D /* Food.swift in Sources */,
				F71586BA27EE3273007C9639 /* SceneDelegate.swift in Sources */,
				D14990A927EE606500DC0A0D /* FoodBase.swift in Sources */,
				41CEF62627EE733B003F3B95 /* DataManager.swift in Sources */,
				CF9AD7DC27EE431200145E3A /* TeamViewController.swift in Sources */,
			);
			runOnlyForDeploymentPostprocessing = 0;
		};
/* End PBXSourcesBuildPhase section */

/* Begin PBXVariantGroup section */
		F71586BD27EE3273007C9639 /* Main.storyboard */ = {
			isa = PBXVariantGroup;
			children = (
				F71586BE27EE3273007C9639 /* Base */,
			);
			name = Main.storyboard;
			sourceTree = "<group>";
		};
		F71586C227EE3275007C9639 /* LaunchScreen.storyboard */ = {
			isa = PBXVariantGroup;
			children = (
				F71586C327EE3275007C9639 /* Base */,
			);
			name = LaunchScreen.storyboard;
			sourceTree = "<group>";
		};
/* End PBXVariantGroup section */

/* Begin XCBuildConfiguration section */
		F71586C627EE3275007C9639 /* Debug */ = {
			isa = XCBuildConfiguration;
			buildSettings = {
				ALWAYS_SEARCH_USER_PATHS = NO;
				CLANG_ANALYZER_NONNULL = YES;
				CLANG_ANALYZER_NUMBER_OBJECT_CONVERSION = YES_AGGRESSIVE;
				CLANG_CXX_LANGUAGE_STANDARD = "gnu++17";
				CLANG_ENABLE_MODULES = YES;
				CLANG_ENABLE_OBJC_ARC = YES;
				CLANG_ENABLE_OBJC_WEAK = YES;
				CLANG_WARN_BLOCK_CAPTURE_AUTORELEASING = YES;
				CLANG_WARN_BOOL_CONVERSION = YES;
				CLANG_WARN_COMMA = YES;
				CLANG_WARN_CONSTANT_CONVERSION = YES;
				CLANG_WARN_DEPRECATED_OBJC_IMPLEMENTATIONS = YES;
				CLANG_WARN_DIRECT_OBJC_ISA_USAGE = YES_ERROR;
				CLANG_WARN_DOCUMENTATION_COMMENTS = YES;
				CLANG_WARN_EMPTY_BODY = YES;
				CLANG_WARN_ENUM_CONVERSION = YES;
				CLANG_WARN_INFINITE_RECURSION = YES;
				CLANG_WARN_INT_CONVERSION = YES;
				CLANG_WARN_NON_LITERAL_NULL_CONVERSION = YES;
				CLANG_WARN_OBJC_IMPLICIT_RETAIN_SELF = YES;
				CLANG_WARN_OBJC_LITERAL_CONVERSION = YES;
				CLANG_WARN_OBJC_ROOT_CLASS = YES_ERROR;
				CLANG_WARN_QUOTED_INCLUDE_IN_FRAMEWORK_HEADER = YES;
				CLANG_WARN_RANGE_LOOP_ANALYSIS = YES;
				CLANG_WARN_STRICT_PROTOTYPES = YES;
				CLANG_WARN_SUSPICIOUS_MOVE = YES;
				CLANG_WARN_UNGUARDED_AVAILABILITY = YES_AGGRESSIVE;
				CLANG_WARN_UNREACHABLE_CODE = YES;
				CLANG_WARN__DUPLICATE_METHOD_MATCH = YES;
				COPY_PHASE_STRIP = NO;
				DEBUG_INFORMATION_FORMAT = dwarf;
				ENABLE_STRICT_OBJC_MSGSEND = YES;
				ENABLE_TESTABILITY = YES;
				GCC_C_LANGUAGE_STANDARD = gnu11;
				GCC_DYNAMIC_NO_PIC = NO;
				GCC_NO_COMMON_BLOCKS = YES;
				GCC_OPTIMIZATION_LEVEL = 0;
				GCC_PREPROCESSOR_DEFINITIONS = (
					"DEBUG=1",
					"$(inherited)",
				);
				GCC_WARN_64_TO_32_BIT_CONVERSION = YES;
				GCC_WARN_ABOUT_RETURN_TYPE = YES_ERROR;
				GCC_WARN_UNDECLARED_SELECTOR = YES;
				GCC_WARN_UNINITIALIZED_AUTOS = YES_AGGRESSIVE;
				GCC_WARN_UNUSED_FUNCTION = YES;
				GCC_WARN_UNUSED_VARIABLE = YES;
				IPHONEOS_DEPLOYMENT_TARGET = 15.4;
				MTL_ENABLE_DEBUG_INFO = INCLUDE_SOURCE;
				MTL_FAST_MATH = YES;
				ONLY_ACTIVE_ARCH = YES;
				SDKROOT = iphoneos;
				SWIFT_ACTIVE_COMPILATION_CONDITIONS = DEBUG;
				SWIFT_OPTIMIZATION_LEVEL = "-Onone";
			};
			name = Debug;
		};
		F71586C727EE3275007C9639 /* Release */ = {
			isa = XCBuildConfiguration;
			buildSettings = {
				ALWAYS_SEARCH_USER_PATHS = NO;
				CLANG_ANALYZER_NONNULL = YES;
				CLANG_ANALYZER_NUMBER_OBJECT_CONVERSION = YES_AGGRESSIVE;
				CLANG_CXX_LANGUAGE_STANDARD = "gnu++17";
				CLANG_ENABLE_MODULES = YES;
				CLANG_ENABLE_OBJC_ARC = YES;
				CLANG_ENABLE_OBJC_WEAK = YES;
				CLANG_WARN_BLOCK_CAPTURE_AUTORELEASING = YES;
				CLANG_WARN_BOOL_CONVERSION = YES;
				CLANG_WARN_COMMA = YES;
				CLANG_WARN_CONSTANT_CONVERSION = YES;
				CLANG_WARN_DEPRECATED_OBJC_IMPLEMENTATIONS = YES;
				CLANG_WARN_DIRECT_OBJC_ISA_USAGE = YES_ERROR;
				CLANG_WARN_DOCUMENTATION_COMMENTS = YES;
				CLANG_WARN_EMPTY_BODY = YES;
				CLANG_WARN_ENUM_CONVERSION = YES;
				CLANG_WARN_INFINITE_RECURSION = YES;
				CLANG_WARN_INT_CONVERSION = YES;
				CLANG_WARN_NON_LITERAL_NULL_CONVERSION = YES;
				CLANG_WARN_OBJC_IMPLICIT_RETAIN_SELF = YES;
				CLANG_WARN_OBJC_LITERAL_CONVERSION = YES;
				CLANG_WARN_OBJC_ROOT_CLASS = YES_ERROR;
				CLANG_WARN_QUOTED_INCLUDE_IN_FRAMEWORK_HEADER = YES;
				CLANG_WARN_RANGE_LOOP_ANALYSIS = YES;
				CLANG_WARN_STRICT_PROTOTYPES = YES;
				CLANG_WARN_SUSPICIOUS_MOVE = YES;
				CLANG_WARN_UNGUARDED_AVAILABILITY = YES_AGGRESSIVE;
				CLANG_WARN_UNREACHABLE_CODE = YES;
				CLANG_WARN__DUPLICATE_METHOD_MATCH = YES;
				COPY_PHASE_STRIP = NO;
				DEBUG_INFORMATION_FORMAT = "dwarf-with-dsym";
				ENABLE_NS_ASSERTIONS = NO;
				ENABLE_STRICT_OBJC_MSGSEND = YES;
				GCC_C_LANGUAGE_STANDARD = gnu11;
				GCC_NO_COMMON_BLOCKS = YES;
				GCC_WARN_64_TO_32_BIT_CONVERSION = YES;
				GCC_WARN_ABOUT_RETURN_TYPE = YES_ERROR;
				GCC_WARN_UNDECLARED_SELECTOR = YES;
				GCC_WARN_UNINITIALIZED_AUTOS = YES_AGGRESSIVE;
				GCC_WARN_UNUSED_FUNCTION = YES;
				GCC_WARN_UNUSED_VARIABLE = YES;
				IPHONEOS_DEPLOYMENT_TARGET = 15.4;
				MTL_ENABLE_DEBUG_INFO = NO;
				MTL_FAST_MATH = YES;
				SDKROOT = iphoneos;
				SWIFT_COMPILATION_MODE = wholemodule;
				SWIFT_OPTIMIZATION_LEVEL = "-O";
				VALIDATE_PRODUCT = YES;
			};
			name = Release;
		};
		F71586C927EE3275007C9639 /* Debug */ = {
			isa = XCBuildConfiguration;
			buildSettings = {
				ASSETCATALOG_COMPILER_APPICON_NAME = AppIcon;
				ASSETCATALOG_COMPILER_GLOBAL_ACCENT_COLOR_NAME = AccentColor;
				CODE_SIGN_STYLE = Automatic;
				CURRENT_PROJECT_VERSION = 1;
				DEVELOPMENT_TEAM = ASKBC27NSG;
				GENERATE_INFOPLIST_FILE = YES;
				INFOPLIST_FILE = MenuApp/App/Info.plist;
				INFOPLIST_KEY_UIApplicationSupportsIndirectInputEvents = YES;
				INFOPLIST_KEY_UILaunchStoryboardName = LaunchScreen;
				INFOPLIST_KEY_UIMainStoryboardFile = Main;
				INFOPLIST_KEY_UISupportedInterfaceOrientations = UIInterfaceOrientationPortrait;
				INFOPLIST_KEY_UISupportedInterfaceOrientations_iPad = "UIInterfaceOrientationPortrait UIInterfaceOrientationPortraitUpsideDown UIInterfaceOrientationLandscapeLeft UIInterfaceOrientationLandscapeRight";
				INFOPLIST_KEY_UISupportedInterfaceOrientations_iPhone = "UIInterfaceOrientationPortrait UIInterfaceOrientationLandscapeLeft UIInterfaceOrientationLandscapeRight";
				LD_RUNPATH_SEARCH_PATHS = (
					"$(inherited)",
					"@executable_path/Frameworks",
				);
				MARKETING_VERSION = 1.0;
				PRODUCT_BUNDLE_IDENTIFIER = com.maximsamus.MenuApp;
				PRODUCT_NAME = "$(TARGET_NAME)";
				SWIFT_EMIT_LOC_STRINGS = YES;
				SWIFT_VERSION = 5.0;
				TARGETED_DEVICE_FAMILY = 1;
			};
			name = Debug;
		};
		F71586CA27EE3275007C9639 /* Release */ = {
			isa = XCBuildConfiguration;
			buildSettings = {
				ASSETCATALOG_COMPILER_APPICON_NAME = AppIcon;
				ASSETCATALOG_COMPILER_GLOBAL_ACCENT_COLOR_NAME = AccentColor;
				CODE_SIGN_STYLE = Automatic;
				CURRENT_PROJECT_VERSION = 1;
				DEVELOPMENT_TEAM = ASKBC27NSG;
				GENERATE_INFOPLIST_FILE = YES;
				INFOPLIST_FILE = MenuApp/App/Info.plist;
				INFOPLIST_KEY_UIApplicationSupportsIndirectInputEvents = YES;
				INFOPLIST_KEY_UILaunchStoryboardName = LaunchScreen;
				INFOPLIST_KEY_UIMainStoryboardFile = Main;
				INFOPLIST_KEY_UISupportedInterfaceOrientations = UIInterfaceOrientationPortrait;
				INFOPLIST_KEY_UISupportedInterfaceOrientations_iPad = "UIInterfaceOrientationPortrait UIInterfaceOrientationPortraitUpsideDown UIInterfaceOrientationLandscapeLeft UIInterfaceOrientationLandscapeRight";
				INFOPLIST_KEY_UISupportedInterfaceOrientations_iPhone = "UIInterfaceOrientationPortrait UIInterfaceOrientationLandscapeLeft UIInterfaceOrientationLandscapeRight";
				LD_RUNPATH_SEARCH_PATHS = (
					"$(inherited)",
					"@executable_path/Frameworks",
				);
				MARKETING_VERSION = 1.0;
				PRODUCT_BUNDLE_IDENTIFIER = com.maximsamus.MenuApp;
				PRODUCT_NAME = "$(TARGET_NAME)";
				SWIFT_EMIT_LOC_STRINGS = YES;
				SWIFT_VERSION = 5.0;
				TARGETED_DEVICE_FAMILY = 1;
			};
			name = Release;
		};
/* End XCBuildConfiguration section */

/* Begin XCConfigurationList section */
		F71586AF27EE3273007C9639 /* Build configuration list for PBXProject "MenuApp" */ = {
			isa = XCConfigurationList;
			buildConfigurations = (
				F71586C627EE3275007C9639 /* Debug */,
				F71586C727EE3275007C9639 /* Release */,
			);
			defaultConfigurationIsVisible = 0;
			defaultConfigurationName = Release;
		};
		F71586C827EE3275007C9639 /* Build configuration list for PBXNativeTarget "MenuApp" */ = {
			isa = XCConfigurationList;
			buildConfigurations = (
				F71586C927EE3275007C9639 /* Debug */,
				F71586CA27EE3275007C9639 /* Release */,
			);
			defaultConfigurationIsVisible = 0;
			defaultConfigurationName = Release;
		};
/* End XCConfigurationList section */
	};
	rootObject = F71586AC27EE3273007C9639 /* Project object */;
}
